// !$*UTF8*$!
{
	archiveVersion = 1;
	classes = {
	};
	objectVersion = 50;
	objects = {

/* Begin PBXBuildFile section */
		90A31A612107FE8E000DB608 /* AppDelegate.swift in Sources */ = {isa = PBXBuildFile; fileRef = 90A31A602107FE8E000DB608 /* AppDelegate.swift */; };
		90A31A632107FE8E000DB608 /* ViewController.swift in Sources */ = {isa = PBXBuildFile; fileRef = 90A31A622107FE8E000DB608 /* ViewController.swift */; };
		90A31A662107FE8E000DB608 /* Main.storyboard in Resources */ = {isa = PBXBuildFile; fileRef = 90A31A642107FE8E000DB608 /* Main.storyboard */; };
		90A31A682107FE91000DB608 /* Assets.xcassets in Resources */ = {isa = PBXBuildFile; fileRef = 90A31A672107FE91000DB608 /* Assets.xcassets */; };
		90A31A6B2107FE91000DB608 /* LaunchScreen.storyboard in Resources */ = {isa = PBXBuildFile; fileRef = 90A31A692107FE91000DB608 /* LaunchScreen.storyboard */; };
		90A31A762107FE91000DB608 /* Assignment5Tests.swift in Sources */ = {isa = PBXBuildFile; fileRef = 90A31A752107FE91000DB608 /* Assignment5Tests.swift */; };
		90A31A812107FE91000DB608 /* Assignment5UITests.swift in Sources */ = {isa = PBXBuildFile; fileRef = 90A31A802107FE91000DB608 /* Assignment5UITests.swift */; };
/* End PBXBuildFile section */

/* Begin PBXContainerItemProxy section */
		90A31A722107FE91000DB608 /* PBXContainerItemProxy */ = {
			isa = PBXContainerItemProxy;
			containerPortal = 90A31A552107FE8E000DB608 /* Project object */;
			proxyType = 1;
			remoteGlobalIDString = 90A31A5C2107FE8E000DB608;
			remoteInfo = Assignment5;
		};
		90A31A7D2107FE91000DB608 /* PBXContainerItemProxy */ = {
			isa = PBXContainerItemProxy;
			containerPortal = 90A31A552107FE8E000DB608 /* Project object */;
			proxyType = 1;
			remoteGlobalIDString = 90A31A5C2107FE8E000DB608;
			remoteInfo = Assignment5;
		};
/* End PBXContainerItemProxy section */

/* Begin PBXFileReference section */
		90A31A5D2107FE8E000DB608 /* Assignment5.app */ = {isa = PBXFileReference; explicitFileType = wrapper.application; includeInIndex = 0; path = Assignment5.app; sourceTree = BUILT_PRODUCTS_DIR; };
		90A31A602107FE8E000DB608 /* AppDelegate.swift */ = {isa = PBXFileReference; lastKnownFileType = sourcecode.swift; path = AppDelegate.swift; sourceTree = "<group>"; };
		90A31A622107FE8E000DB608 /* ViewController.swift */ = {isa = PBXFileReference; lastKnownFileType = sourcecode.swift; path = ViewController.swift; sourceTree = "<group>"; };
		90A31A652107FE8E000DB608 /* Base */ = {isa = PBXFileReference; lastKnownFileType = file.storyboard; name = Base; path = Base.lproj/Main.storyboard; sourceTree = "<group>"; };
		90A31A672107FE91000DB608 /* Assets.xcassets */ = {isa = PBXFileReference; lastKnownFileType = folder.assetcatalog; path = Assets.xcassets; sourceTree = "<group>"; };
		90A31A6A2107FE91000DB608 /* Base */ = {isa = PBXFileReference; lastKnownFileType = file.storyboard; name = Base; path = Base.lproj/LaunchScreen.storyboard; sourceTree = "<group>"; };
		90A31A6C2107FE91000DB608 /* Info.plist */ = {isa = PBXFileReference; lastKnownFileType = text.plist.xml; path = Info.plist; sourceTree = "<group>"; };
		90A31A712107FE91000DB608 /* Assignment5Tests.xctest */ = {isa = PBXFileReference; explicitFileType = wrapper.cfbundle; includeInIndex = 0; path = Assignment5Tests.xctest; sourceTree = BUILT_PRODUCTS_DIR; };
		90A31A752107FE91000DB608 /* Assignment5Tests.swift */ = {isa = PBXFileReference; lastKnownFileType = sourcecode.swift; path = Assignment5Tests.swift; sourceTree = "<group>"; };
		90A31A772107FE91000DB608 /* Info.plist */ = {isa = PBXFileReference; lastKnownFileType = text.plist.xml; path = Info.plist; sourceTree = "<group>"; };
		90A31A7C2107FE91000DB608 /* Assignment5UITests.xctest */ = {isa = PBXFileReference; explicitFileType = wrapper.cfbundle; includeInIndex = 0; path = Assignment5UITests.xctest; sourceTree = BUILT_PRODUCTS_DIR; };
		90A31A802107FE91000DB608 /* Assignment5UITests.swift */ = {isa = PBXFileReference; lastKnownFileType = sourcecode.swift; path = Assignment5UITests.swift; sourceTree = "<group>"; };
		90A31A822107FE91000DB608 /* Info.plist */ = {isa = PBXFileReference; lastKnownFileType = text.plist.xml; path = Info.plist; sourceTree = "<group>"; };
/* End PBXFileReference section */

/* Begin PBXFrameworksBuildPhase section */
		90A31A5A2107FE8E000DB608 /* Frameworks */ = {
			isa = PBXFrameworksBuildPhase;
			buildActionMask = 2147483647;
			files = (
			);
			runOnlyForDeploymentPostprocessing = 0;
		};
		90A31A6E2107FE91000DB608 /* Frameworks */ = {
			isa = PBXFrameworksBuildPhase;
			buildActionMask = 2147483647;
			files = (
			);
			runOnlyForDeploymentPostprocessing = 0;
		};
		90A31A792107FE91000DB608 /* Frameworks */ = {
			isa = PBXFrameworksBuildPhase;
			buildActionMask = 2147483647;
			files = (
			);
			runOnlyForDeploymentPostprocessing = 0;
		};
/* End PBXFrameworksBuildPhase section */

/* Begin PBXGroup section */
		90A31A542107FE8E000DB608 = {
			isa = PBXGroup;
			children = (
				90A31A5F2107FE8E000DB608 /* Assignment5 */,
				90A31A742107FE91000DB608 /* Assignment5Tests */,
				90A31A7F2107FE91000DB608 /* Assignment5UITests */,
				90A31A5E2107FE8E000DB608 /* Products */,
			);
			sourceTree = "<group>";
		};
		90A31A5E2107FE8E000DB608 /* Products */ = {
			isa = PBXGroup;
			children = (
				90A31A5D2107FE8E000DB608 /* Assignment5.app */,
				90A31A712107FE91000DB608 /* Assignment5Tests.xctest */,
				90A31A7C2107FE91000DB608 /* Assignment5UITests.xctest */,
			);
			name = Products;
			sourceTree = "<group>";
		};
		90A31A5F2107FE8E000DB608 /* Assignment5 */ = {
			isa = PBXGroup;
			children = (
				90A31A602107FE8E000DB608 /* AppDelegate.swift */,
				90A31A622107FE8E000DB608 /* ViewController.swift */,
				90A31A642107FE8E000DB608 /* Main.storyboard */,
				90A31A672107FE91000DB608 /* Assets.xcassets */,
				90A31A692107FE91000DB608 /* LaunchScreen.storyboard */,
				90A31A6C2107FE91000DB608 /* Info.plist */,
			);
			path = Assignment5;
			sourceTree = "<group>";
		};
		90A31A742107FE91000DB608 /* Assignment5Tests */ = {
			isa = PBXGroup;
			children = (
				90A31A752107FE91000DB608 /* Assignment5Tests.swift */,
				90A31A772107FE91000DB608 /* Info.plist */,
			);
			path = Assignment5Tests;
			sourceTree = "<group>";
		};
		90A31A7F2107FE91000DB608 /* Assignment5UITests */ = {
			isa = PBXGroup;
			children = (
				90A31A802107FE91000DB608 /* Assignment5UITests.swift */,
				90A31A822107FE91000DB608 /* Info.plist */,
			);
			path = Assignment5UITests;
			sourceTree = "<group>";
		};
/* End PBXGroup section */

/* Begin PBXNativeTarget section */
		90A31A5C2107FE8E000DB608 /* Assignment5 */ = {
			isa = PBXNativeTarget;
			buildConfigurationList = 90A31A852107FE91000DB608 /* Build configuration list for PBXNativeTarget "Assignment5" */;
			buildPhases = (
				90A31A592107FE8E000DB608 /* Sources */,
				90A31A5A2107FE8E000DB608 /* Frameworks */,
				90A31A5B2107FE8E000DB608 /* Resources */,
			);
			buildRules = (
			);
			dependencies = (
			);
			name = Assignment5;
			productName = Assignment5;
			productReference = 90A31A5D2107FE8E000DB608 /* Assignment5.app */;
			productType = "com.apple.product-type.application";
		};
		90A31A702107FE91000DB608 /* Assignment5Tests */ = {
			isa = PBXNativeTarget;
			buildConfigurationList = 90A31A882107FE91000DB608 /* Build configuration list for PBXNativeTarget "Assignment5Tests" */;
			buildPhases = (
				90A31A6D2107FE91000DB608 /* Sources */,
				90A31A6E2107FE91000DB608 /* Frameworks */,
				90A31A6F2107FE91000DB608 /* Resources */,
			);
			buildRules = (
			);
			dependencies = (
				90A31A732107FE91000DB608 /* PBXTargetDependency */,
			);
			name = Assignment5Tests;
			productName = Assignment5Tests;
			productReference = 90A31A712107FE91000DB608 /* Assignment5Tests.xctest */;
			productType = "com.apple.product-type.bundle.unit-test";
		};
		90A31A7B2107FE91000DB608 /* Assignment5UITests */ = {
			isa = PBXNativeTarget;
			buildConfigurationList = 90A31A8B2107FE91000DB608 /* Build configuration list for PBXNativeTarget "Assignment5UITests" */;
			buildPhases = (
				90A31A782107FE91000DB608 /* Sources */,
				90A31A792107FE91000DB608 /* Frameworks */,
				90A31A7A2107FE91000DB608 /* Resources */,
			);
			buildRules = (
			);
			dependencies = (
				90A31A7E2107FE91000DB608 /* PBXTargetDependency */,
			);
			name = Assignment5UITests;
			productName = Assignment5UITests;
			productReference = 90A31A7C2107FE91000DB608 /* Assignment5UITests.xctest */;
			productType = "com.apple.product-type.bundle.ui-testing";
		};
/* End PBXNativeTarget section */

/* Begin PBXProject section */
		90A31A552107FE8E000DB608 /* Project object */ = {
			isa = PBXProject;
			attributes = {
				LastSwiftUpdateCheck = 0940;
				LastUpgradeCheck = 0940;
				ORGANIZATIONNAME = "Gokula K Narasimhan";
				TargetAttributes = {
					90A31A5C2107FE8E000DB608 = {
						CreatedOnToolsVersion = 9.4.1;
					};
					90A31A702107FE91000DB608 = {
						CreatedOnToolsVersion = 9.4.1;
						TestTargetID = 90A31A5C2107FE8E000DB608;
					};
					90A31A7B2107FE91000DB608 = {
						CreatedOnToolsVersion = 9.4.1;
						TestTargetID = 90A31A5C2107FE8E000DB608;
					};
				};
			};
			buildConfigurationList = 90A31A582107FE8E000DB608 /* Build configuration list for PBXProject "Assignment5" */;
			compatibilityVersion = "Xcode 9.3";
			developmentRegion = en;
			hasScannedForEncodings = 0;
			knownRegions = (
				en,
				Base,
			);
			mainGroup = 90A31A542107FE8E000DB608;
			productRefGroup = 90A31A5E2107FE8E000DB608 /* Products */;
			projectDirPath = "";
			projectRoot = "";
			targets = (
				90A31A5C2107FE8E000DB608 /* Assignment5 */,
				90A31A702107FE91000DB608 /* Assignment5Tests */,
				90A31A7B2107FE91000DB608 /* Assignment5UITests */,
			);
		};
/* End PBXProject section */

/* Begin PBXResourcesBuildPhase section */
		90A31A5B2107FE8E000DB608 /* Resources */ = {
			isa = PBXResourcesBuildPhase;
			buildActionMask = 2147483647;
			files = (
				90A31A6B2107FE91000DB608 /* LaunchScreen.storyboard in Resources */,
				90A31A682107FE91000DB608 /* Assets.xcassets in Resources */,
				90A31A662107FE8E000DB608 /* Main.storyboard in Resources */,
			);
			runOnlyForDeploymentPostprocessing = 0;
		};
		90A31A6F2107FE91000DB608 /* Resources */ = {
			isa = PBXResourcesBuildPhase;
			buildActionMask = 2147483647;
			files = (
			);
			runOnlyForDeploymentPostprocessing = 0;
		};
		90A31A7A2107FE91000DB608 /* Resources */ = {
			isa = PBXResourcesBuildPhase;
			buildActionMask = 2147483647;
			files = (
			);
			runOnlyForDeploymentPostprocessing = 0;
		};
/* End PBXResourcesBuildPhase section */

/* Begin PBXSourcesBuildPhase section */
		90A31A592107FE8E000DB608 /* Sources */ = {
			isa = PBXSourcesBuildPhase;
			buildActionMask = 2147483647;
			files = (
				90A31A632107FE8E000DB608 /* ViewController.swift in Sources */,
				90A31A612107FE8E000DB608 /* AppDelegate.swift in Sources */,
			);
			runOnlyForDeploymentPostprocessing = 0;
		};
		90A31A6D2107FE91000DB608 /* Sources */ = {
			isa = PBXSourcesBuildPhase;
			buildActionMask = 2147483647;
			files = (
				90A31A762107FE91000DB608 /* Assignment5Tests.swift in Sources */,
			);
			runOnlyForDeploymentPostprocessing = 0;
		};
		90A31A782107FE91000DB608 /* Sources */ = {
			isa = PBXSourcesBuildPhase;
			buildActionMask = 2147483647;
			files = (
				90A31A812107FE91000DB608 /* Assignment5UITests.swift in Sources */,
			);
			runOnlyForDeploymentPostprocessing = 0;
		};
/* End PBXSourcesBuildPhase section */

/* Begin PBXTargetDependency section */
		90A31A732107FE91000DB608 /* PBXTargetDependency */ = {
			isa = PBXTargetDependency;
			target = 90A31A5C2107FE8E000DB608 /* Assignment5 */;
			targetProxy = 90A31A722107FE91000DB608 /* PBXContainerItemProxy */;
		};
		90A31A7E2107FE91000DB608 /* PBXTargetDependency */ = {
			isa = PBXTargetDependency;
			target = 90A31A5C2107FE8E000DB608 /* Assignment5 */;
			targetProxy = 90A31A7D2107FE91000DB608 /* PBXContainerItemProxy */;
		};
/* End PBXTargetDependency section */

/* Begin PBXVariantGroup section */
		90A31A642107FE8E000DB608 /* Main.storyboard */ = {
			isa = PBXVariantGroup;
			children = (
				90A31A652107FE8E000DB608 /* Base */,
			);
			name = Main.storyboard;
			sourceTree = "<group>";
		};
		90A31A692107FE91000DB608 /* LaunchScreen.storyboard */ = {
			isa = PBXVariantGroup;
			children = (
				90A31A6A2107FE91000DB608 /* Base */,
			);
			name = LaunchScreen.storyboard;
			sourceTree = "<group>";
		};
/* End PBXVariantGroup section */

/* Begin XCBuildConfiguration section */
		90A31A832107FE91000DB608 /* Debug */ = {
			isa = XCBuildConfiguration;
			buildSettings = {
				ALWAYS_SEARCH_USER_PATHS = NO;
				CLANG_ANALYZER_NONNULL = YES;
				CLANG_ANALYZER_NUMBER_OBJECT_CONVERSION = YES_AGGRESSIVE;
				CLANG_CXX_LANGUAGE_STANDARD = "gnu++14";
				CLANG_CXX_LIBRARY = "libc++";
				CLANG_ENABLE_MODULES = YES;
				CLANG_ENABLE_OBJC_ARC = YES;
				CLANG_ENABLE_OBJC_WEAK = YES;
				CLANG_WARN_BLOCK_CAPTURE_AUTORELEASING = YES;
				CLANG_WARN_BOOL_CONVERSION = YES;
				CLANG_WARN_COMMA = YES;
				CLANG_WARN_CONSTANT_CONVERSION = YES;
				CLANG_WARN_DEPRECATED_OBJC_IMPLEMENTATIONS = YES;
				CLANG_WARN_DIRECT_OBJC_ISA_USAGE = YES_ERROR;
				CLANG_WARN_DOCUMENTATION_COMMENTS = YES;
				CLANG_WARN_EMPTY_BODY = YES;
				CLANG_WARN_ENUM_CONVERSION = YES;
				CLANG_WARN_INFINITE_RECURSION = YES;
				CLANG_WARN_INT_CONVERSION = YES;
				CLANG_WARN_NON_LITERAL_NULL_CONVERSION = YES;
				CLANG_WARN_OBJC_IMPLICIT_RETAIN_SELF = YES;
				CLANG_WARN_OBJC_LITERAL_CONVERSION = YES;
				CLANG_WARN_OBJC_ROOT_CLASS = YES_ERROR;
				CLANG_WARN_RANGE_LOOP_ANALYSIS = YES;
				CLANG_WARN_STRICT_PROTOTYPES = YES;
				CLANG_WARN_SUSPICIOUS_MOVE = YES;
				CLANG_WARN_UNGUARDED_AVAILABILITY = YES_AGGRESSIVE;
				CLANG_WARN_UNREACHABLE_CODE = YES;
				CLANG_WARN__DUPLICATE_METHOD_MATCH = YES;
				CODE_SIGN_IDENTITY = "iPhone Developer";
				COPY_PHASE_STRIP = NO;
				DEBUG_INFORMATION_FORMAT = dwarf;
				ENABLE_STRICT_OBJC_MSGSEND = YES;
				ENABLE_TESTABILITY = YES;
				GCC_C_LANGUAGE_STANDARD = gnu11;
				GCC_DYNAMIC_NO_PIC = NO;
				GCC_NO_COMMON_BLOCKS = YES;
				GCC_OPTIMIZATION_LEVEL = 0;
				GCC_PREPROCESSOR_DEFINITIONS = (
					"DEBUG=1",
					"$(inherited)",
				);
				GCC_WARN_64_TO_32_BIT_CONVERSION = YES;
				GCC_WARN_ABOUT_RETURN_TYPE = YES_ERROR;
				GCC_WARN_UNDECLARED_SELECTOR = YES;
				GCC_WARN_UNINITIALIZED_AUTOS = YES_AGGRESSIVE;
				GCC_WARN_UNUSED_FUNCTION = YES;
				GCC_WARN_UNUSED_VARIABLE = YES;
				IPHONEOS_DEPLOYMENT_TARGET = 11.4;
				MTL_ENABLE_DEBUG_INFO = YES;
				ONLY_ACTIVE_ARCH = YES;
				SDKROOT = iphoneos;
				SWIFT_ACTIVE_COMPILATION_CONDITIONS = DEBUG;
				SWIFT_OPTIMIZATION_LEVEL = "-Onone";
			};
			name = Debug;
		};
		90A31A842107FE91000DB608 /* Release */ = {
			isa = XCBuildConfiguration;
			buildSettings = {
				ALWAYS_SEARCH_USER_PATHS = NO;
				CLANG_ANALYZER_NONNULL = YES;
				CLANG_ANALYZER_NUMBER_OBJECT_CONVERSION = YES_AGGRESSIVE;
				CLANG_CXX_LANGUAGE_STANDARD = "gnu++14";
				CLANG_CXX_LIBRARY = "libc++";
				CLANG_ENABLE_MODULES = YES;
				CLANG_ENABLE_OBJC_ARC = YES;
				CLANG_ENABLE_OBJC_WEAK = YES;
				CLANG_WARN_BLOCK_CAPTURE_AUTORELEASING = YES;
				CLANG_WARN_BOOL_CONVERSION = YES;
				CLANG_WARN_COMMA = YES;
				CLANG_WARN_CONSTANT_CONVERSION = YES;
				CLANG_WARN_DEPRECATED_OBJC_IMPLEMENTATIONS = YES;
				CLANG_WARN_DIRECT_OBJC_ISA_USAGE = YES_ERROR;
				CLANG_WARN_DOCUMENTATION_COMMENTS = YES;
				CLANG_WARN_EMPTY_BODY = YES;
				CLANG_WARN_ENUM_CONVERSION = YES;
				CLANG_WARN_INFINITE_RECURSION = YES;
				CLANG_WARN_INT_CONVERSION = YES;
				CLANG_WARN_NON_LITERAL_NULL_CONVERSION = YES;
				CLANG_WARN_OBJC_IMPLICIT_RETAIN_SELF = YES;
				CLANG_WARN_OBJC_LITERAL_CONVERSION = YES;
				CLANG_WARN_OBJC_ROOT_CLASS = YES_ERROR;
				CLANG_WARN_RANGE_LOOP_ANALYSIS = YES;
				CLANG_WARN_STRICT_PROTOTYPES = YES;
				CLANG_WARN_SUSPICIOUS_MOVE = YES;
				CLANG_WARN_UNGUARDED_AVAILABILITY = YES_AGGRESSIVE;
				CLANG_WARN_UNREACHABLE_CODE = YES;
				CLANG_WARN__DUPLICATE_METHOD_MATCH = YES;
				CODE_SIGN_IDENTITY = "iPhone Developer";
				COPY_PHASE_STRIP = NO;
				DEBUG_INFORMATION_FORMAT = "dwarf-with-dsym";
				ENABLE_NS_ASSERTIONS = NO;
				ENABLE_STRICT_OBJC_MSGSEND = YES;
				GCC_C_LANGUAGE_STANDARD = gnu11;
				GCC_NO_COMMON_BLOCKS = YES;
				GCC_WARN_64_TO_32_BIT_CONVERSION = YES;
				GCC_WARN_ABOUT_RETURN_TYPE = YES_ERROR;
				GCC_WARN_UNDECLARED_SELECTOR = YES;
				GCC_WARN_UNINITIALIZED_AUTOS = YES_AGGRESSIVE;
				GCC_WARN_UNUSED_FUNCTION = YES;
				GCC_WARN_UNUSED_VARIABLE = YES;
				IPHONEOS_DEPLOYMENT_TARGET = 11.4;
				MTL_ENABLE_DEBUG_INFO = NO;
				SDKROOT = iphoneos;
				SWIFT_COMPILATION_MODE = wholemodule;
				SWIFT_OPTIMIZATION_LEVEL = "-O";
				VALIDATE_PRODUCT = YES;
			};
			name = Release;
		};
		90A31A862107FE91000DB608 /* Debug */ = {
			isa = XCBuildConfiguration;
			buildSettings = {
				ASSETCATALOG_COMPILER_APPICON_NAME = AppIcon;
				CODE_SIGN_IDENTITY = "iPhone Developer";
				CODE_SIGN_STYLE = Automatic;
				DEVELOPMENT_TEAM = RTEDH52U6R;
				INFOPLIST_FILE = Assignment5/Info.plist;
				LD_RUNPATH_SEARCH_PATHS = (
					"$(inherited)",
					"@executable_path/Frameworks",
				);
				PRODUCT_BUNDLE_IDENTIFIER = "edu.harvard.csci-s65.Assignment5";
				PRODUCT_NAME = "$(TARGET_NAME)";
				SWIFT_VERSION = 4.0;
				TARGETED_DEVICE_FAMILY = "1,2";
			};
			name = Debug;
		};
		90A31A872107FE91000DB608 /* Release */ = {
			isa = XCBuildConfiguration;
			buildSettings = {
				ASSETCATALOG_COMPILER_APPICON_NAME = AppIcon;
				CODE_SIGN_IDENTITY = "iPhone Developer";
				CODE_SIGN_STYLE = Automatic;
				DEVELOPMENT_TEAM = RTEDH52U6R;
				INFOPLIST_FILE = Assignment5/Info.plist;
				LD_RUNPATH_SEARCH_PATHS = (
					"$(inherited)",
					"@executable_path/Frameworks",
				);
				PRODUCT_BUNDLE_IDENTIFIER = "edu.harvard.csci-s65.Assignment5";
				PRODUCT_NAME = "$(TARGET_NAME)";
				SWIFT_VERSION = 4.0;
				TARGETED_DEVICE_FAMILY = "1,2";
			};
			name = Release;
		};
		90A31A892107FE91000DB608 /* Debug */ = {
			isa = XCBuildConfiguration;
			buildSettings = {
				ALWAYS_EMBED_SWIFT_STANDARD_LIBRARIES = YES;
				BUNDLE_LOADER = "$(TEST_HOST)";
				CODE_SIGN_STYLE = Automatic;
				DEVELOPMENT_TEAM = RTEDH52U6R;
				INFOPLIST_FILE = Assignment5Tests/Info.plist;
				LD_RUNPATH_SEARCH_PATHS = (
					"$(inherited)",
					"@executable_path/Frameworks",
					"@loader_path/Frameworks",
				);
				PRODUCT_BUNDLE_IDENTIFIER = "edu.harvard.csci-s65.Assignment5Tests";
				PRODUCT_NAME = "$(TARGET_NAME)";
				SWIFT_VERSION = 4.0;
				TARGETED_DEVICE_FAMILY = "1,2";
				TEST_HOST = "$(BUILT_PRODUCTS_DIR)/Assignment5.app/Assignment5";
			};
			name = Debug;
		};
		90A31A8A2107FE91000DB608 /* Release */ = {
			isa = XCBuildConfiguration;
			buildSettings = {
				ALWAYS_EMBED_SWIFT_STANDARD_LIBRARIES = YES;
				BUNDLE_LOADER = "$(TEST_HOST)";
				CODE_SIGN_STYLE = Automatic;
				DEVELOPMENT_TEAM = RTEDH52U6R;
				INFOPLIST_FILE = Assignment5Tests/Info.plist;
				LD_RUNPATH_SEARCH_PATHS = (
					"$(inherited)",
					"@executable_path/Frameworks",
					"@loader_path/Frameworks",
				);
				PRODUCT_BUNDLE_IDENTIFIER = "edu.harvard.csci-s65.Assignment5Tests";
				PRODUCT_NAME = "$(TARGET_NAME)";
				SWIFT_VERSION = 4.0;
				TARGETED_DEVICE_FAMILY = "1,2";
				TEST_HOST = "$(BUILT_PRODUCTS_DIR)/Assignment5.app/Assignment5";
			};
			name = Release;
		};
		90A31A8C2107FE91000DB608 /* Debug */ = {
			isa = XCBuildConfiguration;
			buildSettings = {
				ALWAYS_EMBED_SWIFT_STANDARD_LIBRARIES = YES;
				CODE_SIGN_STYLE = Automatic;
				DEVELOPMENT_TEAM = RTEDH52U6R;
				INFOPLIST_FILE = Assignment5UITests/Info.plist;
				LD_RUNPATH_SEARCH_PATHS = (
					"$(inherited)",
					"@executable_path/Frameworks",
					"@loader_path/Frameworks",
				);
				PRODUCT_BUNDLE_IDENTIFIER = "edu.harvard.csci-s65.Assignment5UITests";
				PRODUCT_NAME = "$(TARGET_NAME)";
				SWIFT_VERSION = 4.0;
				TARGETED_DEVICE_FAMILY = "1,2";
				TEST_TARGET_NAME = Assignment5;
			};
			name = Debug;
		};
		90A31A8D2107FE91000DB608 /* Release */ = {
			isa = XCBuildConfiguration;
			buildSettings = {
				ALWAYS_EMBED_SWIFT_STANDARD_LIBRARIES = YES;
				CODE_SIGN_STYLE = Automatic;
				DEVELOPMENT_TEAM = RTEDH52U6R;
				INFOPLIST_FILE = Assignment5UITests/Info.plist;
				LD_RUNPATH_SEARCH_PATHS = (
					"$(inherited)",
					"@executable_path/Frameworks",
					"@loader_path/Frameworks",
				);
				PRODUCT_BUNDLE_IDENTIFIER = "edu.harvard.csci-s65.Assignment5UITests";
				PRODUCT_NAME = "$(TARGET_NAME)";
				SWIFT_VERSION = 4.0;
				TARGETED_DEVICE_FAMILY = "1,2";
				TEST_TARGET_NAME = Assignment5;
			};
			name = Release;
		};
/* End XCBuildConfiguration section */

/* Begin XCConfigurationList section */
		90A31A582107FE8E000DB608 /* Build configuration list for PBXProject "Assignment5" */ = {
			isa = XCConfigurationList;
			buildConfigurations = (
				90A31A832107FE91000DB608 /* Debug */,
				90A31A842107FE91000DB608 /* Release */,
			);
			defaultConfigurationIsVisible = 0;
			defaultConfigurationName = Release;
		};
		90A31A852107FE91000DB608 /* Build configuration list for PBXNativeTarget "Assignment5" */ = {
			isa = XCConfigurationList;
			buildConfigurations = (
				90A31A862107FE91000DB608 /* Debug */,
				90A31A872107FE91000DB608 /* Release */,
			);
			defaultConfigurationIsVisible = 0;
			defaultConfigurationName = Release;
		};
		90A31A882107FE91000DB608 /* Build configuration list for PBXNativeTarget "Assignment5Tests" */ = {
			isa = XCConfigurationList;
			buildConfigurations = (
				90A31A892107FE91000DB608 /* Debug */,
				90A31A8A2107FE91000DB608 /* Release */,
			);
			defaultConfigurationIsVisible = 0;
			defaultConfigurationName = Release;
		};
		90A31A8B2107FE91000DB608 /* Build configuration list for PBXNativeTarget "Assignment5UITests" */ = {
			isa = XCConfigurationList;
			buildConfigurations = (
				90A31A8C2107FE91000DB608 /* Debug */,
				90A31A8D2107FE91000DB608 /* Release */,
			);
			defaultConfigurationIsVisible = 0;
			defaultConfigurationName = Release;
		};
/* End XCConfigurationList section */
	};
	rootObject = 90A31A552107FE8E000DB608 /* Project object */;
}
